
Microsoft Visual Studio Solution File, Format Version 12.00
# Visual Studio Version 17
VisualStudioVersion = 17.2.32602.215
MinimumVisualStudioVersion = 10.0.40219.1
Project("{9A19103F-16F7-4668-BE54-9A1E7A4F7556}") = "CompanyView", "CompanyView\CompanyView.csproj", "{AB0D5E2B-4AF2-4BFA-A0AE-5FF1313C3CFB}"
EndProject
Project("{9A19103F-16F7-4668-BE54-9A1E7A4F7556}") = "Controllers", "Controllers\Controllers.csproj", "{30B4C81C-7E7C-4A0B-A149-D0C0C872E196}"
EndProject
Project("{9A19103F-16F7-4668-BE54-9A1E7A4F7556}") = "Repositories", "Repositories\Repositories.csproj", "{0BEA3267-F68C-4C26-8218-7B2EA633EA52}"
EndProject
Project("{9A19103F-16F7-4668-BE54-9A1E7A4F7556}") = "Mappers", "Mappers\Mappers.csproj", "{955083EE-CD4A-41FB-B421-C5DB9D38F886}"
EndProject
Project("{9A19103F-16F7-4668-BE54-9A1E7A4F7556}") = "Models", "Models\Models.csproj", "{62905420-1B41-47F0-ABF8-8BFBFEB66004}"
EndProject
Global
	GlobalSection(SolutionConfigurationPlatforms) = preSolution
		Debug|Any CPU = Debug|Any CPU
		Release|Any CPU = Release|Any CPU
	EndGlobalSection
	GlobalSection(ProjectConfigurationPlatforms) = postSolution
		{AB0D5E2B-4AF2-4BFA-A0AE-5FF1313C3CFB}.Debug|Any CPU.ActiveCfg = Debug|Any CPU
		{AB0D5E2B-4AF2-4BFA-A0AE-5FF1313C3CFB}.Debug|Any CPU.Build.0 = Debug|Any CPU
		{AB0D5E2B-4AF2-4BFA-A0AE-5FF1313C3CFB}.Release|Any CPU.ActiveCfg = Release|Any CPU
		{AB0D5E2B-4AF2-4BFA-A0AE-5FF1313C3CFB}.Release|Any CPU.Build.0 = Release|Any CPU
		{30B4C81C-7E7C-4A0B-A149-D0C0C872E196}.Debug|Any CPU.ActiveCfg = Debug|Any CPU
		{30B4C81C-7E7C-4A0B-A149-D0C0C872E196}.Debug|Any CPU.Build.0 = Debug|Any CPU
		{30B4C81C-7E7C-4A0B-A149-D0C0C872E196}.Release|Any CPU.ActiveCfg = Release|Any CPU
		{30B4C81C-7E7C-4A0B-A149-D0C0C872E196}.Release|Any CPU.Build.0 = Release|Any CPU
		{0BEA3267-F68C-4C26-8218-7B2EA633EA52}.Debug|Any CPU.ActiveCfg = Debug|Any CPU
		{0BEA3267-F68C-4C26-8218-7B2EA633EA52}.Debug|Any CPU.Build.0 = Debug|Any CPU
		{0BEA3267-F68C-4C26-8218-7B2EA633EA52}.Release|Any CPU.ActiveCfg = Release|Any CPU
		{0BEA3267-F68C-4C26-8218-7B2EA633EA52}.Release|Any CPU.Build.0 = Release|Any CPU
		{955083EE-CD4A-41FB-B421-C5DB9D38F886}.Debug|Any CPU.ActiveCfg = Debug|Any CPU
		{955083EE-CD4A-41FB-B421-C5DB9D38F886}.Debug|Any CPU.Build.0 = Debug|Any CPU
		{955083EE-CD4A-41FB-B421-C5DB9D38F886}.Release|Any CPU.ActiveCfg = Release|Any CPU
		{955083EE-CD4A-41FB-B421-C5DB9D38F886}.Release|Any CPU.Build.0 = Release|Any CPU
		{62905420-1B41-47F0-ABF8-8BFBFEB66004}.Debug|Any CPU.ActiveCfg = Debug|Any CPU
		{62905420-1B41-47F0-ABF8-8BFBFEB66004}.Debug|Any CPU.Build.0 = Debug|Any CPU
		{62905420-1B41-47F0-ABF8-8BFBFEB66004}.Release|Any CPU.ActiveCfg = Release|Any CPU
		{62905420-1B41-47F0-ABF8-8BFBFEB66004}.Release|Any CPU.Build.0 = Release|Any CPU
	EndGlobalSection
	GlobalSection(SolutionProperties) = preSolution
		HideSolutionNode = FALSE
	EndGlobalSection
	GlobalSection(ExtensibilityGlobals) = postSolution
		SolutionGuid = {7FF29AD7-B227-4C67-AC89-11D60902B027}
	EndGlobalSection
EndGlobal
